// !$*UTF8*$!
{
	archiveVersion = 1;
	classes = {
	};
	objectVersion = 50;
	objects = {

/* Begin PBXBuildFile section */
		5EB56DBE24A6B958008A734D /* AppDelegate.swift in Sources */ = {isa = PBXBuildFile; fileRef = 5EB56DBD24A6B958008A734D /* AppDelegate.swift */; };
		5EB56DC024A6B958008A734D /* SceneDelegate.swift in Sources */ = {isa = PBXBuildFile; fileRef = 5EB56DBF24A6B958008A734D /* SceneDelegate.swift */; };
		5EB56DC224A6B958008A734D /* ViewController.swift in Sources */ = {isa = PBXBuildFile; fileRef = 5EB56DC124A6B958008A734D /* ViewController.swift */; };
		5EB56DC524A6B958008A734D /* Main.storyboard in Resources */ = {isa = PBXBuildFile; fileRef = 5EB56DC324A6B958008A734D /* Main.storyboard */; };
		5EB56DC724A6B95B008A734D /* Assets.xcassets in Resources */ = {isa = PBXBuildFile; fileRef = 5EB56DC624A6B95B008A734D /* Assets.xcassets */; };
		5EB56DCA24A6B95B008A734D /* LaunchScreen.storyboard in Resources */ = {isa = PBXBuildFile; fileRef = 5EB56DC824A6B95B008A734D /* LaunchScreen.storyboard */; };
		5EB56DD524A6B95B008A734D /* phototrack2Tests.swift in Sources */ = {isa = PBXBuildFile; fileRef = 5EB56DD424A6B95B008A734D /* phototrack2Tests.swift */; };
/* End PBXBuildFile section */

/* Begin PBXContainerItemProxy section */
		5EB56DD124A6B95B008A734D /* PBXContainerItemProxy */ = {
			isa = PBXContainerItemProxy;
			containerPortal = 5EB56DB224A6B958008A734D /* Project object */;
			proxyType = 1;
			remoteGlobalIDString = 5EB56DB924A6B958008A734D;
			remoteInfo = phototrack2;
		};
/* End PBXContainerItemProxy section */

/* Begin PBXFileReference section */
		5EB56DBA24A6B958008A734D /* phototrack2.app */ = {isa = PBXFileReference; explicitFileType = wrapper.application; includeInIndex = 0; path = phototrack2.app; sourceTree = BUILT_PRODUCTS_DIR; };
		5EB56DBD24A6B958008A734D /* AppDelegate.swift */ = {isa = PBXFileReference; lastKnownFileType = sourcecode.swift; path = AppDelegate.swift; sourceTree = "<group>"; };
		5EB56DBF24A6B958008A734D /* SceneDelegate.swift */ = {isa = PBXFileReference; lastKnownFileType = sourcecode.swift; path = SceneDelegate.swift; sourceTree = "<group>"; };
		5EB56DC124A6B958008A734D /* ViewController.swift */ = {isa = PBXFileReference; lastKnownFileType = sourcecode.swift; path = ViewController.swift; sourceTree = "<group>"; };
		5EB56DC424A6B958008A734D /* Base */ = {isa = PBXFileReference; lastKnownFileType = file.storyboard; name = Base; path = Base.lproj/Main.storyboard; sourceTree = "<group>"; };
		5EB56DC624A6B95B008A734D /* Assets.xcassets */ = {isa = PBXFileReference; lastKnownFileType = folder.assetcatalog; path = Assets.xcassets; sourceTree = "<group>"; };
		5EB56DC924A6B95B008A734D /* Base */ = {isa = PBXFileReference; lastKnownFileType = file.storyboard; name = Base; path = Base.lproj/LaunchScreen.storyboard; sourceTree = "<group>"; };
		5EB56DCB24A6B95B008A734D /* Info.plist */ = {isa = PBXFileReference; lastKnownFileType = text.plist.xml; path = Info.plist; sourceTree = "<group>"; };
		5EB56DD024A6B95B008A734D /* phototrack2Tests.xctest */ = {isa = PBXFileReference; explicitFileType = wrapper.cfbundle; includeInIndex = 0; path = phototrack2Tests.xctest; sourceTree = BUILT_PRODUCTS_DIR; };
		5EB56DD424A6B95B008A734D /* phototrack2Tests.swift */ = {isa = PBXFileReference; lastKnownFileType = sourcecode.swift; path = phototrack2Tests.swift; sourceTree = "<group>"; };
		5EB56DD624A6B95B008A734D /* Info.plist */ = {isa = PBXFileReference; lastKnownFileType = text.plist.xml; path = Info.plist; sourceTree = "<group>"; };
/* End PBXFileReference section */

/* Begin PBXFrameworksBuildPhase section */
		5EB56DB724A6B958008A734D /* Frameworks */ = {
			isa = PBXFrameworksBuildPhase;
			buildActionMask = 2147483647;
			files = (
			);
			runOnlyForDeploymentPostprocessing = 0;
		};
		5EB56DCD24A6B95B008A734D /* Frameworks */ = {
			isa = PBXFrameworksBuildPhase;
			buildActionMask = 2147483647;
			files = (
			);
			runOnlyForDeploymentPostprocessing = 0;
		};
/* End PBXFrameworksBuildPhase section */

/* Begin PBXGroup section */
		5EB56DB124A6B958008A734D = {
			isa = PBXGroup;
			children = (
				5EB56DBC24A6B958008A734D /* phototrack2 */,
				5EB56DD324A6B95B008A734D /* phototrack2Tests */,
				5EB56DBB24A6B958008A734D /* Products */,
			);
			sourceTree = "<group>";
		};
		5EB56DBB24A6B958008A734D /* Products */ = {
			isa = PBXGroup;
			children = (
				5EB56DBA24A6B958008A734D /* phototrack2.app */,
				5EB56DD024A6B95B008A734D /* phototrack2Tests.xctest */,
			);
			name = Products;
			sourceTree = "<group>";
		};
		5EB56DBC24A6B958008A734D /* phototrack2 */ = {
			isa = PBXGroup;
			children = (
				5EB56DBD24A6B958008A734D /* AppDelegate.swift */,
				5EB56DBF24A6B958008A734D /* SceneDelegate.swift */,
				5EB56DC124A6B958008A734D /* ViewController.swift */,
				5EB56DC324A6B958008A734D /* Main.storyboard */,
				5EB56DC624A6B95B008A734D /* Assets.xcassets */,
				5EB56DC824A6B95B008A734D /* LaunchScreen.storyboard */,
				5EB56DCB24A6B95B008A734D /* Info.plist */,
			);
			path = phototrack2;
			sourceTree = "<group>";
		};
		5EB56DD324A6B95B008A734D /* phototrack2Tests */ = {
			isa = PBXGroup;
			children = (
				5EB56DD424A6B95B008A734D /* phototrack2Tests.swift */,
				5EB56DD624A6B95B008A734D /* Info.plist */,
			);
			path = phototrack2Tests;
			sourceTree = "<group>";
		};
/* End PBXGroup section */

/* Begin PBXNativeTarget section */
		5EB56DB924A6B958008A734D /* phototrack2 */ = {
			isa = PBXNativeTarget;
			buildConfigurationList = 5EB56DD924A6B95B008A734D /* Build configuration list for PBXNativeTarget "phototrack2" */;
			buildPhases = (
				5EB56DB624A6B958008A734D /* Sources */,
				5EB56DB724A6B958008A734D /* Frameworks */,
				5EB56DB824A6B958008A734D /* Resources */,
			);
			buildRules = (
			);
			dependencies = (
			);
			name = phototrack2;
			productName = phototrack2;
			productReference = 5EB56DBA24A6B958008A734D /* phototrack2.app */;
			productType = "com.apple.product-type.application";
		};
		5EB56DCF24A6B95B008A734D /* phototrack2Tests */ = {
			isa = PBXNativeTarget;
			buildConfigurationList = 5EB56DDC24A6B95B008A734D /* Build configuration list for PBXNativeTarget "phototrack2Tests" */;
			buildPhases = (
				5EB56DCC24A6B95B008A734D /* Sources */,
				5EB56DCD24A6B95B008A734D /* Frameworks */,
				5EB56DCE24A6B95B008A734D /* Resources */,
			);
			buildRules = (
			);
			dependencies = (
				5EB56DD224A6B95B008A734D /* PBXTargetDependency */,
			);
			name = phototrack2Tests;
			productName = phototrack2Tests;
			productReference = 5EB56DD024A6B95B008A734D /* phototrack2Tests.xctest */;
			productType = "com.apple.product-type.bundle.unit-test";
		};
/* End PBXNativeTarget section */

/* Begin PBXProject section */
		5EB56DB224A6B958008A734D /* Project object */ = {
			isa = PBXProject;
			attributes = {
				LastSwiftUpdateCheck = 1150;
				LastUpgradeCheck = 1150;
				ORGANIZATIONNAME = "Amit Biswas";
				TargetAttributes = {
					5EB56DB924A6B958008A734D = {
						CreatedOnToolsVersion = 11.5;
					};
					5EB56DCF24A6B95B008A734D = {
						CreatedOnToolsVersion = 11.5;
						TestTargetID = 5EB56DB924A6B958008A734D;
					};
				};
			};
			buildConfigurationList = 5EB56DB524A6B958008A734D /* Build configuration list for PBXProject "phototrack2" */;
			compatibilityVersion = "Xcode 9.3";
			developmentRegion = en;
			hasScannedForEncodings = 0;
			knownRegions = (
				en,
				Base,
			);
			mainGroup = 5EB56DB124A6B958008A734D;
			productRefGroup = 5EB56DBB24A6B958008A734D /* Products */;
			projectDirPath = "";
			projectRoot = "";
			targets = (
				5EB56DB924A6B958008A734D /* phototrack2 */,
				5EB56DCF24A6B95B008A734D /* phototrack2Tests */,
			);
		};
/* End PBXProject section */

/* Begin PBXResourcesBuildPhase section */
		5EB56DB824A6B958008A734D /* Resources */ = {
			isa = PBXResourcesBuildPhase;
			buildActionMask = 2147483647;
			files = (
				5EB56DCA24A6B95B008A734D /* LaunchScreen.storyboard in Resources */,
				5EB56DC724A6B95B008A734D /* Assets.xcassets in Resources */,
				5EB56DC524A6B958008A734D /* Main.storyboard in Resources */,
			);
			runOnlyForDeploymentPostprocessing = 0;
		};
		5EB56DCE24A6B95B008A734D /* Resources */ = {
			isa = PBXResourcesBuildPhase;
			buildActionMask = 2147483647;
			files = (
			);
			runOnlyForDeploymentPostprocessing = 0;
		};
/* End PBXResourcesBuildPhase section */

/* Begin PBXSourcesBuildPhase section */
		5EB56DB624A6B958008A734D /* Sources */ = {
			isa = PBXSourcesBuildPhase;
			buildActionMask = 2147483647;
			files = (
				5EB56DC224A6B958008A734D /* ViewController.swift in Sources */,
				5EB56DBE24A6B958008A734D /* AppDelegate.swift in Sources */,
				5EB56DC024A6B958008A734D /* SceneDelegate.swift in Sources */,
			);
			runOnlyForDeploymentPostprocessing = 0;
		};
		5EB56DCC24A6B95B008A734D /* Sources */ = {
			isa = PBXSourcesBuildPhase;
			buildActionMask = 2147483647;
			files = (
				5EB56DD524A6B95B008A734D /* phototrack2Tests.swift in Sources */,
			);
			runOnlyForDeploymentPostprocessing = 0;
		};
/* End PBXSourcesBuildPhase section */

/* Begin PBXTargetDependency section */
		5EB56DD224A6B95B008A734D /* PBXTargetDependency */ = {
			isa = PBXTargetDependency;
			target = 5EB56DB924A6B958008A734D /* phototrack2 */;
			targetProxy = 5EB56DD124A6B95B008A734D /* PBXContainerItemProxy */;
		};
/* End PBXTargetDependency section */

/* Begin PBXVariantGroup section */
		5EB56DC324A6B958008A734D /* Main.storyboard */ = {
			isa = PBXVariantGroup;
			children = (
				5EB56DC424A6B958008A734D /* Base */,
			);
			name = Main.storyboard;
			sourceTree = "<group>";
		};
		5EB56DC824A6B95B008A734D /* LaunchScreen.storyboard */ = {
			isa = PBXVariantGroup;
			children = (
				5EB56DC924A6B95B008A734D /* Base */,
			);
			name = LaunchScreen.storyboard;
			sourceTree = "<group>";
		};
/* End PBXVariantGroup section */

/* Begin XCBuildConfiguration section */
		5EB56DD724A6B95B008A734D /* Debug */ = {
			isa = XCBuildConfiguration;
			buildSettings = {
				ALWAYS_SEARCH_USER_PATHS = NO;
				CLANG_ANALYZER_NONNULL = YES;
				CLANG_ANALYZER_NUMBER_OBJECT_CONVERSION = YES_AGGRESSIVE;
				CLANG_CXX_LANGUAGE_STANDARD = "gnu++14";
				CLANG_CXX_LIBRARY = "libc++";
				CLANG_ENABLE_MODULES = YES;
				CLANG_ENABLE_OBJC_ARC = YES;
				CLANG_ENABLE_OBJC_WEAK = YES;
				CLANG_WARN_BLOCK_CAPTURE_AUTORELEASING = YES;
				CLANG_WARN_BOOL_CONVERSION = YES;
				CLANG_WARN_COMMA = YES;
				CLANG_WARN_CONSTANT_CONVERSION = YES;
				CLANG_WARN_DEPRECATED_OBJC_IMPLEMENTATIONS = YES;
				CLANG_WARN_DIRECT_OBJC_ISA_USAGE = YES_ERROR;
				CLANG_WARN_DOCUMENTATION_COMMENTS = YES;
				CLANG_WARN_EMPTY_BODY = YES;
				CLANG_WARN_ENUM_CONVERSION = YES;
				CLANG_WARN_INFINITE_RECURSION = YES;
				CLANG_WARN_INT_CONVERSION = YES;
				CLANG_WARN_NON_LITERAL_NULL_CONVERSION = YES;
				CLANG_WARN_OBJC_IMPLICIT_RETAIN_SELF = YES;
				CLANG_WARN_OBJC_LITERAL_CONVERSION = YES;
				CLANG_WARN_OBJC_ROOT_CLASS = YES_ERROR;
				CLANG_WARN_RANGE_LOOP_ANALYSIS = YES;
				CLANG_WARN_STRICT_PROTOTYPES = YES;
				CLANG_WARN_SUSPICIOUS_MOVE = YES;
				CLANG_WARN_UNGUARDED_AVAILABILITY = YES_AGGRESSIVE;
				CLANG_WARN_UNREACHABLE_CODE = YES;
				CLANG_WARN__DUPLICATE_METHOD_MATCH = YES;
				COPY_PHASE_STRIP = NO;
				DEBUG_INFORMATION_FORMAT = dwarf;
				ENABLE_STRICT_OBJC_MSGSEND = YES;
				ENABLE_TESTABILITY = YES;
				GCC_C_LANGUAGE_STANDARD = gnu11;
				GCC_DYNAMIC_NO_PIC = NO;
				GCC_NO_COMMON_BLOCKS = YES;
				GCC_OPTIMIZATION_LEVEL = 0;
				GCC_PREPROCESSOR_DEFINITIONS = (
					"DEBUG=1",
					"$(inherited)",
				);
				GCC_WARN_64_TO_32_BIT_CONVERSION = YES;
				GCC_WARN_ABOUT_RETURN_TYPE = YES_ERROR;
				GCC_WARN_UNDECLARED_SELECTOR = YES;
				GCC_WARN_UNINITIALIZED_AUTOS = YES_AGGRESSIVE;
				GCC_WARN_UNUSED_FUNCTION = YES;
				GCC_WARN_UNUSED_VARIABLE = YES;
				IPHONEOS_DEPLOYMENT_TARGET = 13.5;
				MTL_ENABLE_DEBUG_INFO = INCLUDE_SOURCE;
				MTL_FAST_MATH = YES;
				ONLY_ACTIVE_ARCH = YES;
				SDKROOT = iphoneos;
				SWIFT_ACTIVE_COMPILATION_CONDITIONS = DEBUG;
				SWIFT_OPTIMIZATION_LEVEL = "-Onone";
			};
			name = Debug;
		};
		5EB56DD824A6B95B008A734D /* Release */ = {
			isa = XCBuildConfiguration;
			buildSettings = {
				ALWAYS_SEARCH_USER_PATHS = NO;
				CLANG_ANALYZER_NONNULL = YES;
				CLANG_ANALYZER_NUMBER_OBJECT_CONVERSION = YES_AGGRESSIVE;
				CLANG_CXX_LANGUAGE_STANDARD = "gnu++14";
				CLANG_CXX_LIBRARY = "libc++";
				CLANG_ENABLE_MODULES = YES;
				CLANG_ENABLE_OBJC_ARC = YES;
				CLANG_ENABLE_OBJC_WEAK = YES;
				CLANG_WARN_BLOCK_CAPTURE_AUTORELEASING = YES;
				CLANG_WARN_BOOL_CONVERSION = YES;
				CLANG_WARN_COMMA = YES;
				CLANG_WARN_CONSTANT_CONVERSION = YES;
				CLANG_WARN_DEPRECATED_OBJC_IMPLEMENTATIONS = YES;
				CLANG_WARN_DIRECT_OBJC_ISA_USAGE = YES_ERROR;
				CLANG_WARN_DOCUMENTATION_COMMENTS = YES;
				CLANG_WARN_EMPTY_BODY = YES;
				CLANG_WARN_ENUM_CONVERSION = YES;
				CLANG_WARN_INFINITE_RECURSION = YES;
				CLANG_WARN_INT_CONVERSION = YES;
				CLANG_WARN_NON_LITERAL_NULL_CONVERSION = YES;
				CLANG_WARN_OBJC_IMPLICIT_RETAIN_SELF = YES;
				CLANG_WARN_OBJC_LITERAL_CONVERSION = YES;
				CLANG_WARN_OBJC_ROOT_CLASS = YES_ERROR;
				CLANG_WARN_RANGE_LOOP_ANALYSIS = YES;
				CLANG_WARN_STRICT_PROTOTYPES = YES;
				CLANG_WARN_SUSPICIOUS_MOVE = YES;
				CLANG_WARN_UNGUARDED_AVAILABILITY = YES_AGGRESSIVE;
				CLANG_WARN_UNREACHABLE_CODE = YES;
				CLANG_WARN__DUPLICATE_METHOD_MATCH = YES;
				COPY_PHASE_STRIP = NO;
				DEBUG_INFORMATION_FORMAT = "dwarf-with-dsym";
				ENABLE_NS_ASSERTIONS = NO;
				ENABLE_STRICT_OBJC_MSGSEND = YES;
				GCC_C_LANGUAGE_STANDARD = gnu11;
				GCC_NO_COMMON_BLOCKS = YES;
				GCC_WARN_64_TO_32_BIT_CONVERSION = YES;
				GCC_WARN_ABOUT_RETURN_TYPE = YES_ERROR;
				GCC_WARN_UNDECLARED_SELECTOR = YES;
				GCC_WARN_UNINITIALIZED_AUTOS = YES_AGGRESSIVE;
				GCC_WARN_UNUSED_FUNCTION = YES;
				GCC_WARN_UNUSED_VARIABLE = YES;
				IPHONEOS_DEPLOYMENT_TARGET = 13.5;
				MTL_ENABLE_DEBUG_INFO = NO;
				MTL_FAST_MATH = YES;
				SDKROOT = iphoneos;
				SWIFT_COMPILATION_MODE = wholemodule;
				SWIFT_OPTIMIZATION_LEVEL = "-O";
				VALIDATE_PRODUCT = YES;
			};
			name = Release;
		};
		5EB56DDA24A6B95B008A734D /* Debug */ = {
			isa = XCBuildConfiguration;
			buildSettings = {
				ASSETCATALOG_COMPILER_APPICON_NAME = AppIcon;
				CODE_SIGN_STYLE = Automatic;
				DEVELOPMENT_TEAM = 8CW2632N57;
				INFOPLIST_FILE = phototrack2/Info.plist;
				LD_RUNPATH_SEARCH_PATHS = (
					"$(inherited)",
					"@executable_path/Frameworks",
				);
				PRODUCT_BUNDLE_IDENTIFIER = amitbiswas.phototrack2;
				PRODUCT_NAME = "$(TARGET_NAME)";
				SWIFT_VERSION = 5.0;
				TARGETED_DEVICE_FAMILY = "1,2";
			};
			name = Debug;
		};
		5EB56DDB24A6B95B008A734D /* Release */ = {
			isa = XCBuildConfiguration;
			buildSettings = {
				ASSETCATALOG_COMPILER_APPICON_NAME = AppIcon;
				CODE_SIGN_STYLE = Automatic;
				DEVELOPMENT_TEAM = 8CW2632N57;
				INFOPLIST_FILE = phototrack2/Info.plist;
				LD_RUNPATH_SEARCH_PATHS = (
					"$(inherited)",
					"@executable_path/Frameworks",
				);
				PRODUCT_BUNDLE_IDENTIFIER = amitbiswas.phototrack2;
				PRODUCT_NAME = "$(TARGET_NAME)";
				SWIFT_VERSION = 5.0;
				TARGETED_DEVICE_FAMILY = "1,2";
			};
			name = Release;
		};
		5EB56DDD24A6B95B008A734D /* Debug */ = {
			isa = XCBuildConfiguration;
			buildSettings = {
				ALWAYS_EMBED_SWIFT_STANDARD_LIBRARIES = YES;
				BUNDLE_LOADER = "$(TEST_HOST)";
				CODE_SIGN_STYLE = Automatic;
				DEVELOPMENT_TEAM = 8CW2632N57;
				INFOPLIST_FILE = phototrack2Tests/Info.plist;
				IPHONEOS_DEPLOYMENT_TARGET = 13.5;
				LD_RUNPATH_SEARCH_PATHS = (
					"$(inherited)",
					"@executable_path/Frameworks",
					"@loader_path/Frameworks",
				);
				PRODUCT_BUNDLE_IDENTIFIER = amitbiswas.phototrack2Tests;
				PRODUCT_NAME = "$(TARGET_NAME)";
				SWIFT_VERSION = 5.0;
				TARGETED_DEVICE_FAMILY = "1,2";
				TEST_HOST = "$(BUILT_PRODUCTS_DIR)/phototrack2.app/phototrack2";
			};
			name = Debug;
		};
		5EB56DDE24A6B95B008A734D /* Release */ = {
			isa = XCBuildConfiguration;
			buildSettings = {
				ALWAYS_EMBED_SWIFT_STANDARD_LIBRARIES = YES;
				BUNDLE_LOADER = "$(TEST_HOST)";
				CODE_SIGN_STYLE = Automatic;
				DEVELOPMENT_TEAM = 8CW2632N57;
				INFOPLIST_FILE = phototrack2Tests/Info.plist;
				IPHONEOS_DEPLOYMENT_TARGET = 13.5;
				LD_RUNPATH_SEARCH_PATHS = (
					"$(inherited)",
					"@executable_path/Frameworks",
					"@loader_path/Frameworks",
				);
				PRODUCT_BUNDLE_IDENTIFIER = amitbiswas.phototrack2Tests;
				PRODUCT_NAME = "$(TARGET_NAME)";
				SWIFT_VERSION = 5.0;
				TARGETED_DEVICE_FAMILY = "1,2";
				TEST_HOST = "$(BUILT_PRODUCTS_DIR)/phototrack2.app/phototrack2";
			};
			name = Release;
		};
/* End XCBuildConfiguration section */

/* Begin XCConfigurationList section */
		5EB56DB524A6B958008A734D /* Build configuration list for PBXProject "phototrack2" */ = {
			isa = XCConfigurationList;
			buildConfigurations = (
				5EB56DD724A6B95B008A734D /* Debug */,
				5EB56DD824A6B95B008A734D /* Release */,
			);
			defaultConfigurationIsVisible = 0;
			defaultConfigurationName = Release;
		};
		5EB56DD924A6B95B008A734D /* Build configuration list for PBXNativeTarget "phototrack2" */ = {
			isa = XCConfigurationList;
			buildConfigurations = (
				5EB56DDA24A6B95B008A734D /* Debug */,
				5EB56DDB24A6B95B008A734D /* Release */,
			);
			defaultConfigurationIsVisible = 0;
			defaultConfigurationName = Release;
		};
		5EB56DDC24A6B95B008A734D /* Build configuration list for PBXNativeTarget "phototrack2Tests" */ = {
			isa = XCConfigurationList;
			buildConfigurations = (
				5EB56DDD24A6B95B008A734D /* Debug */,
				5EB56DDE24A6B95B008A734D /* Release */,
			);
			defaultConfigurationIsVisible = 0;
			defaultConfigurationName = Release;
		};
/* End XCConfigurationList section */
	};
	rootObject = 5EB56DB224A6B958008A734D /* Project object */;
}
